
Microsoft Visual Studio Solution File, Format Version 12.00
# Visual Studio Version 17
VisualStudioVersion = 17.4.33122.133
MinimumVisualStudioVersion = 10.0.40219.1
Project("{9A19103F-16F7-4668-BE54-9A1E7A4F7556}") = "LiveChartsCore", "LiveChartsCore\LiveChartsCore.csproj", "{199B8FBA-C6E4-4F57-B0DF-CD997ADE92D9}"
EndProject
Project("{9A19103F-16F7-4668-BE54-9A1E7A4F7556}") = "LiveChartsCore.SkiaSharpView", "LiveChartsCore.SkiaSharp\LiveChartsCore.SkiaSharpView.csproj", "{7689E5EB-4BBE-467F-9C54-D9A6AA1EEF57}"
EndProject
Project("{9A19103F-16F7-4668-BE54-9A1E7A4F7556}") = "LiveChartsCore.SkiaSharpView.WPF", "LiveChartsCore.SkiaSharp.WPF\LiveChartsCore.SkiaSharpView.WPF.csproj", "{7376E059-8FC6-454D-A0EA-1FEAFCDD7748}"
EndProject
Project("{9A19103F-16F7-4668-BE54-9A1E7A4F7556}") = "LiveChartCore.Sample", "LiveChartsCore.Sample\LiveChartCore.Sample.csproj", "{65F4F6C3-E8B5-4E50-BDBF-AB3C6CF0C1A1}"
EndProject
Project("{9A19103F-16F7-4668-BE54-9A1E7A4F7556}") = "ViewModelsSamples", "ViewModelsSamples\ViewModelsSamples.csproj", "{9C816096-4E7F-44D2-A960-6132F44AEBBB}"
EndProject
Global
	GlobalSection(SolutionConfigurationPlatforms) = preSolution
		Debug|Any CPU = Debug|Any CPU
		Release|Any CPU = Release|Any CPU
	EndGlobalSection
	GlobalSection(ProjectConfigurationPlatforms) = postSolution
		{199B8FBA-C6E4-4F57-B0DF-CD997ADE92D9}.Debug|Any CPU.ActiveCfg = Debug|Any CPU
		{199B8FBA-C6E4-4F57-B0DF-CD997ADE92D9}.Debug|Any CPU.Build.0 = Debug|Any CPU
		{199B8FBA-C6E4-4F57-B0DF-CD997ADE92D9}.Release|Any CPU.ActiveCfg = Release|Any CPU
		{199B8FBA-C6E4-4F57-B0DF-CD997ADE92D9}.Release|Any CPU.Build.0 = Release|Any CPU
		{7689E5EB-4BBE-467F-9C54-D9A6AA1EEF57}.Debug|Any CPU.ActiveCfg = Debug|Any CPU
		{7689E5EB-4BBE-467F-9C54-D9A6AA1EEF57}.Debug|Any CPU.Build.0 = Debug|Any CPU
		{7689E5EB-4BBE-467F-9C54-D9A6AA1EEF57}.Release|Any CPU.ActiveCfg = Release|Any CPU
		{7689E5EB-4BBE-467F-9C54-D9A6AA1EEF57}.Release|Any CPU.Build.0 = Release|Any CPU
		{7376E059-8FC6-454D-A0EA-1FEAFCDD7748}.Debug|Any CPU.ActiveCfg = Debug|Any CPU
		{7376E059-8FC6-454D-A0EA-1FEAFCDD7748}.Debug|Any CPU.Build.0 = Debug|Any CPU
		{7376E059-8FC6-454D-A0EA-1FEAFCDD7748}.Release|Any CPU.ActiveCfg = Release|Any CPU
		{7376E059-8FC6-454D-A0EA-1FEAFCDD7748}.Release|Any CPU.Build.0 = Release|Any CPU
		{65F4F6C3-E8B5-4E50-BDBF-AB3C6CF0C1A1}.Debug|Any CPU.ActiveCfg = Debug|Any CPU
		{65F4F6C3-E8B5-4E50-BDBF-AB3C6CF0C1A1}.Debug|Any CPU.Build.0 = Debug|Any CPU
		{65F4F6C3-E8B5-4E50-BDBF-AB3C6CF0C1A1}.Release|Any CPU.ActiveCfg = Release|Any CPU
		{65F4F6C3-E8B5-4E50-BDBF-AB3C6CF0C1A1}.Release|Any CPU.Build.0 = Release|Any CPU
		{9C816096-4E7F-44D2-A960-6132F44AEBBB}.Debug|Any CPU.ActiveCfg = Debug|Any CPU
		{9C816096-4E7F-44D2-A960-6132F44AEBBB}.Debug|Any CPU.Build.0 = Debug|Any CPU
		{9C816096-4E7F-44D2-A960-6132F44AEBBB}.Release|Any CPU.ActiveCfg = Release|Any CPU
		{9C816096-4E7F-44D2-A960-6132F44AEBBB}.Release|Any CPU.Build.0 = Release|Any CPU
	EndGlobalSection
	GlobalSection(SolutionProperties) = preSolution
		HideSolutionNode = FALSE
	EndGlobalSection
	GlobalSection(ExtensibilityGlobals) = postSolution
		SolutionGuid = {A735AAC0-4193-4A95-B853-0576D5CF0B28}
	EndGlobalSection
EndGlobal
